{
  "name": "Resources",
  "version": "1.0.0",
  "lockfileVersion": 1,
  "requires": true,
  "dependencies": {
    "@babel/runtime": {
      "version": "7.8.7",
      "resolved": "https://registry.npmjs.org/@babel/runtime/-/runtime-7.8.7.tgz",
      "integrity": "sha512-+AATMUFppJDw6aiR5NVPHqIQBlV/Pj8wY/EZH+lmvRdUo9xBaz/rF3alAwFJQavvKfeOlPE7oaaDHVbcySbCsg==",
      "requires": {
        "regenerator-runtime": "^0.13.4"
      }
    },
    "@editorjs/checklist": {
      "version": "1.1.0",
      "resolved": "https://registry.npmjs.org/@editorjs/checklist/-/checklist-1.1.0.tgz",
      "integrity": "sha512-rE0weE4iHoN6NM9GpP0XMiighGGrSyAkWWtmkRmn/2vLot3mXrh15KGaRJIP17HOW62yrOy4zJdzLEL+JyNdOg=="
    },
    "@editorjs/delimiter": {
      "version": "1.1.0",
      "resolved": "https://registry.npmjs.org/@editorjs/delimiter/-/delimiter-1.1.0.tgz",
      "integrity": "sha512-0G36vEvvb94g6nu/qs2rVjC/qjxLnY20OfOgxROKSOOXzS7xnkTij5raeIxRiYueeLL5fMrzrvtFH7wclfxF+g=="
    },
    "@editorjs/editorjs": {
      "version": "2.13.0",
      "resolved": "https://registry.npmjs.org/@editorjs/editorjs/-/editorjs-2.13.0.tgz",
      "integrity": "sha512-oeYsIRvm0bSUJsggZK0marTYfatXILhESoqshwGnPCinaEbA1VAAWfc74saMLuTmujyefgQE2qYjHpKyZNM0mQ==",
      "requires": {
        "codex-notifier": "^1.1.2"
      }
    },
    "@editorjs/embed": {
      "version": "2.2.1",
      "resolved": "https://registry.npmjs.org/@editorjs/embed/-/embed-2.2.1.tgz",
      "integrity": "sha512-jjhgJf+LkYr8UfsQPavfukCq0+SIkz1MD8vmWkN29uU2zItWsScmfRis3YoLZJ7Rrz+yDeS8GyUjxTg2iQa0Vg=="
    },
    "@editorjs/header": {
      "version": "2.2.3",
      "resolved": "https://registry.npmjs.org/@editorjs/header/-/header-2.2.3.tgz",
      "integrity": "sha512-eFPgsT/OJA7HxCl4idrH1ccZEkmVZWfEmwo7DysOAb2DI+5/IcBIVZbPv6EapjL6MOEHKzON8lCI4jQOaBJlLw=="
    },
    "@editorjs/image": {
      "version": "2.3.3",
      "resolved": "https://registry.npmjs.org/@editorjs/image/-/image-2.3.3.tgz",
      "integrity": "sha512-IYPCGFVRYyR37m9OeoX4I5SPlMPzHtEgjHzOTeZoU749CI2a7FYVBcMT2j5xoyfDtNSjWT9LAlvPJULv3CFxgg=="
    },
    "@editorjs/inline-code": {
      "version": "1.3.1",
      "resolved": "https://registry.npmjs.org/@editorjs/inline-code/-/inline-code-1.3.1.tgz",
      "integrity": "sha512-iY6DeRmJo2Jl6sB2S9QEA9OoSp+KCHBztoY2fjPeiBcKCOKX8we5H3JQJTLxT0L/N8uJqCUiiPKgG6xvqaCn+g=="
    },
    "@editorjs/link": {
      "version": "2.1.3",
      "resolved": "https://registry.npmjs.org/@editorjs/link/-/link-2.1.3.tgz",
      "integrity": "sha512-nLRnuco61scMPyvczhOVjCd2axk6PWPClpBYEtrtOxP4Cp6tHNRuwvVfSwSGewHBb4A4SJL/NMCShRdfbOm6DQ==",
      "requires": {
        "@babel/runtime": "^7.3.1"
      }
    },
    "@editorjs/list": {
      "version": "1.4.0",
      "resolved": "https://registry.npmjs.org/@editorjs/list/-/list-1.4.0.tgz",
      "integrity": "sha512-iYDXGbVXvsAJbSxbjFMP4p7kS1zhQyNDqVNzkfMRhItulzKYlOMlFjTIGHqu5SxPy6NrcckhVFaWdfGDn5/gEA=="
    },
    "@editorjs/marker": {
      "version": "1.2.2",
      "resolved": "https://registry.npmjs.org/@editorjs/marker/-/marker-1.2.2.tgz",
      "integrity": "sha512-BN/IHbVKKahGnMAiBOV5U7XUjfF6JkIkTZ6qNLxtTr7PUPM8UsJV8G8pyll9CX+XRUYYZyokA2kEBHTS4vUyyw=="
    },
    "@editorjs/paragraph": {
      "version": "2.6.1",
      "resolved": "https://registry.npmjs.org/@editorjs/paragraph/-/paragraph-2.6.1.tgz",
      "integrity": "sha512-YaV8nVQVS3iMKig/XwmX0+Bq4NxHymWdUPdwpaAyyhOoo6z0ht5uhEzDG9QOOTVKsimcmR49bJLEtl3dlBoqxA=="
    },
    "@editorjs/quote": {
      "version": "2.2.0",
      "resolved": "https://registry.npmjs.org/@editorjs/quote/-/quote-2.2.0.tgz",
      "integrity": "sha512-Ej0z8ylsdfu106n+d6tDZG5A6SXTBDgtKlmtACsvtUa645oiDatwNwe5K6u7nFm6SJiTJmBxA9qKRQPH3YBT6g=="
    },
    "@editorjs/raw": {
      "version": "2.1.1",
      "resolved": "https://registry.npmjs.org/@editorjs/raw/-/raw-2.1.1.tgz",
      "integrity": "sha512-So+Y6fLIO7+JGRa/tOsHho58hASYt1m7lDM/+0fehs+LMdYlloLmj68X2q7Wxk60R8aCrUscXt/fOggcg7giPQ=="
    },
    "@editorjs/simple-image": {
      "version": "1.3.1",
      "resolved": "https://registry.npmjs.org/@editorjs/simple-image/-/simple-image-1.3.1.tgz",
      "integrity": "sha512-qiBGgOiUUnKxbQK7cuaepItayVyrKdmErL92bbVC+JQr1Bgf/rw+yK+Z5zDV4FDgOIfROmKV/5CGOktcTzN5QA=="
    },
    "@editorjs/table": {
      "version": "1.2.2",
      "resolved": "https://registry.npmjs.org/@editorjs/table/-/table-1.2.2.tgz",
      "integrity": "sha512-1uQlSk/hDxshZbRgSpsSbB966qaIOIy7r0BkSL+dh9rtx8HJSjAsSWaT22z105YkWDpm16VINzHkdURt4UhTqA=="
    },
    "@editorjs/warning": {
      "version": "1.1.1",
      "resolved": "https://registry.npmjs.org/@editorjs/warning/-/warning-1.1.1.tgz",
      "integrity": "sha512-YIO9yEdJZMUeKPNrlwXIYmMzfBfKiXDhTgSh8JSAmh0XCV2rJfPWo9g2pgyD3g0Re/kclfbUVSfFLCBR0RsCtw=="
    },
    "@vue/composition-api": {
      "version": "0.3.4",
      "resolved": "https://registry.npmjs.org/@vue/composition-api/-/composition-api-0.3.4.tgz",
      "integrity": "sha512-aMbg/pEk0PSQAIFyWWLqbAmaCCTx1kFq+49KZslIBJH9Wqos7eEPLtMv4gGxd/EcciBIgfbtUXaXGg/O3mheRA==",
      "requires": {
        "tslib": "^1.9.3"
      }
    },
    "argparse": {
      "version": "1.0.10",
      "resolved": "https://registry.npmjs.org/argparse/-/argparse-1.0.10.tgz",
      "integrity": "sha512-o5Roy6tNG4SL/FOkCAN6RzjiakZS25RLYFrcMttJqbdd8BWrnA+fGz57iN5Pb06pvBGvl5gQ0B48dJlslXvoTg==",
      "requires": {
        "sprintf-js": "~1.0.2"
      }
    },
    "codex-notifier": {
      "version": "1.1.2",
      "resolved": "https://registry.npmjs.org/codex-notifier/-/codex-notifier-1.1.2.tgz",
      "integrity": "sha512-DCp6xe/LGueJ1N5sXEwcBc3r3PyVkEEDNWCVigfvywAkeXcZMk9K41a31tkEFBW0Ptlwji6/JlAb49E3Yrxbtg=="
    },
    "codex-tooltip": {
      "version": "1.0.0",
      "resolved": "https://registry.npmjs.org/codex-tooltip/-/codex-tooltip-1.0.0.tgz",
      "integrity": "sha512-Wa/p/om166GVjg+q436BERBZZz3yvTnCDDzMV2kjKIzsUkj6vCWphTSTo+M0QJRfwODKzhXYaw8+S4EXPW6r0g=="
    },
    "core-js": {
      "version": "3.6.4",
      "resolved": "https://registry.npmjs.org/core-js/-/core-js-3.6.4.tgz",
      "integrity": "sha512-4paDGScNgZP2IXXilaffL9X7968RuvwlkK3xWtZRVqgd8SYNiVKRJvkFd1aqqEuPfN7E68ZHEp9hDj6lHj4Hyw=="
    },
    "entities": {
      "version": "1.1.2",
      "resolved": "https://registry.npmjs.org/entities/-/entities-1.1.2.tgz",
      "integrity": "sha512-f2LZMYl1Fzu7YSBKg+RoROelpOaNrcGmE9AZubeDfrCEia483oW4MI4VyFd5VNHIgQ/7qm1I0wUHK1eJnn2y2w=="
    },
    "linkify-it": {
      "version": "2.1.0",
      "resolved": "https://registry.npmjs.org/linkify-it/-/linkify-it-2.1.0.tgz",
      "integrity": "sha512-4REs8/062kV2DSHxNfq5183zrqXMl7WP0WzABH9IeJI+NLm429FgE1PDecltYfnOoFDFlZGh2T8PfZn0r+GTRg==",
      "requires": {
        "uc.micro": "^1.0.1"
      }
    },
    "markdown-it": {
      "version": "8.4.2",
      "resolved": "https://registry.npmjs.org/markdown-it/-/markdown-it-8.4.2.tgz",
      "integrity": "sha512-GcRz3AWTqSUphY3vsUqQSFMbgR38a4Lh3GWlHRh/7MRwz8mcu9n2IO7HOh+bXHrR9kOPDl5RNCaEsrneb+xhHQ==",
      "requires": {
        "argparse": "^1.0.7",
        "entities": "~1.1.1",
        "linkify-it": "^2.0.0",
        "mdurl": "^1.0.1",
        "uc.micro": "^1.0.5"
      }
    },
    "mdurl": {
      "version": "1.0.1",
      "resolved": "https://registry.npmjs.org/mdurl/-/mdurl-1.0.1.tgz",
      "integrity": "sha1-/oWy7HWlkDfyrf7BAP1sYBdhFS4="
    },
    "regenerator-runtime": {
      "version": "0.13.4",
      "resolved": "https://registry.npmjs.org/regenerator-runtime/-/regenerator-runtime-0.13.4.tgz",
      "integrity": "sha512-plpwicqEzfEyTQohIKktWigcLzmNStMGwbOUbykx51/29Z3JOGYldaaNGK7ngNXV+UcoqvIMmloZ48Sr74sd+g=="
    },
    "slugify": {
      "version": "1.3.4",
      "resolved": "https://registry.npmjs.org/slugify/-/slugify-1.3.4.tgz",
      "integrity": "sha512-KP0ZYk5hJNBS8/eIjGkFDCzGQIoZ1mnfQRYS5WM3273z+fxGWXeN0fkwf2ebEweydv9tioZIHGZKoF21U07/nw=="
    },
    "sprintf-js": {
      "version": "1.0.3",
      "resolved": "https://registry.npmjs.org/sprintf-js/-/sprintf-js-1.0.3.tgz",
      "integrity": "sha1-BOaSb2YolTVPPdAVIDYzuFcpfiw="
    },
    "tslib": {
      "version": "1.11.1",
      "resolved": "https://registry.npmjs.org/tslib/-/tslib-1.11.1.tgz",
      "integrity": "sha512-aZW88SY8kQbU7gpV19lN24LtXh/yD4ZZg6qieAJDDg+YBsJcSmLGK9QpnUjAKVG/xefmvJGd1WUmfpT/g6AJGA=="
    },
    "uc.micro": {
      "version": "1.0.6",
      "resolved": "https://registry.npmjs.org/uc.micro/-/uc.micro-1.0.6.tgz",
      "integrity": "sha512-8Y75pvTYkLJW2hWQHXxoqRgV7qb9B+9vFEtidML+7koHUFapnVJAZ6cKs+Qjz5Aw3aZWHMC6u0wJE3At+nSGwA=="
    },
    "vue-editor-js": {
      "version": "1.1.1",
      "resolved": "https://registry.npmjs.org/vue-editor-js/-/vue-editor-js-1.1.1.tgz",
      "integrity": "sha512-qqXaCbPc164Uo1nX0+cCuguhr7AnKMA8ewLWO0jDVZ++JrINKUSvbJwMrp6nmzrQO/y3vSavS8lL6GXUT1mA4w==",
      "requires": {
        "@editorjs/checklist": "^1.1.0",
        "@editorjs/code": "^2.4.1",
        "@editorjs/delimiter": "^1.1.0",
        "@editorjs/editorjs": "^2.16.1",
        "@editorjs/embed": "^2.2.1",
        "@editorjs/header": "^2.3.2",
        "@editorjs/image": "^2.3.3",
        "@editorjs/inline-code": "^1.3.1",
        "@editorjs/link": "^2.1.3",
        "@editorjs/list": "^1.4.0",
        "@editorjs/marker": "^1.2.2",
        "@editorjs/paragraph": "^2.6.1",
        "@editorjs/quote": "^2.3.0",
        "@editorjs/raw": "^2.1.1",
        "@editorjs/table": "^1.2.0",
        "@editorjs/warning": "^1.1.1",
        "@vue/composition-api": "^0.3.4",
        "core-js": "^3.5.0"
      },
      "dependencies": {
        "@editorjs/code": {
          "version": "2.4.1",
          "resolved": "https://registry.npmjs.org/@editorjs/code/-/code-2.4.1.tgz",
          "integrity": "sha512-R4UUApkm6FLuxrQoqISg6GL73t0WWOdoPdAmAa36xarmtmBRkxu4AfxIwzW2CtUD1CqG1T7Be6jnv4ZeUoMNYQ=="
        },
        "@editorjs/editorjs": {
          "version": "2.16.1",
          "resolved": "https://registry.npmjs.org/@editorjs/editorjs/-/editorjs-2.16.1.tgz",
          "integrity": "sha512-PfCG7UZeFW/QtdcN3/gC0qIUinQ/TL5XuODllxWRx7GMEFHYWwen2YOwbW3KN0Rp6Ue94HbJua7Hn3HToH9wug==",
          "requires": {
            "codex-notifier": "^1.1.2",
            "codex-tooltip": "^1.0.0"
          }
        },
        "@editorjs/header": {
          "version": "2.4.0",
          "resolved": "https://registry.npmjs.org/@editorjs/header/-/header-2.4.0.tgz",
          "integrity": "sha512-gXq7LkMWWno0c6vYDIROn0vqGnbQ/sGENljdtTWSBefCUqzKlqbQaeN4x4IqqvxCvOiH3RtdjJvfv92/ziIxmg=="
        },
        "@editorjs/quote": {
          "version": "2.3.0",
          "resolved": "https://registry.npmjs.org/@editorjs/quote/-/quote-2.3.0.tgz",
          "integrity": "sha512-B+4xEXMWiZki2EQDTJRnzMK8hNwpf7vGJtYIxfE4rOuXi5mke3xkKhrD7yPXcZYucVtCnfCVPOmFaQ3ZgiG2Qw=="
        }
      }
    }
  }
}
